
Microsoft Visual Studio Solution File, Format Version 12.00
# Visual Studio Version 16
VisualStudioVersion = 16.0.31410.357
MinimumVisualStudioVersion = 10.0.40219.1
Project("{FAE04EC0-301F-11D3-BF4B-00C04F79EFBC}") = "ArduinoRelaisTesterForms", "ArduinoRelaisTesterForms\ArduinoRelaisTesterForms.csproj", "{4C235792-CA50-4DA2-84CD-F8B2206E959F}"
EndProject
Global
	GlobalSection(SolutionConfigurationPlatforms) = preSolution
		Debug|Any CPU = Debug|Any CPU
		Release|Any CPU = Release|Any CPU
	EndGlobalSection
	GlobalSection(ProjectConfigurationPlatforms) = postSolution
		{4C235792-CA50-4DA2-84CD-F8B2206E959F}.Debug|Any CPU.ActiveCfg = Debug|Any CPU
		{4C235792-CA50-4DA2-84CD-F8B2206E959F}.Debug|Any CPU.Build.0 = Debug|Any CPU
		{4C235792-CA50-4DA2-84CD-F8B2206E959F}.Release|Any CPU.ActiveCfg = Release|Any CPU
		{4C235792-CA50-4DA2-84CD-F8B2206E959F}.Release|Any CPU.Build.0 = Release|Any CPU
	EndGlobalSection
	GlobalSection(SolutionProperties) = preSolution
		HideSolutionNode = FALSE
	EndGlobalSection
	GlobalSection(ExtensibilityGlobals) = postSolution
		SolutionGuid = {70107825-9D55-46A2-86D6-CB9C131AA783}
	EndGlobalSection
EndGlobal
